
Microsoft Visual Studio Solution File, Format Version 12.00
# Visual Studio Version 17
VisualStudioVersion = 17.14.37111.16
MinimumVisualStudioVersion = 10.0.40219.1
Project("{FAE04EC0-301F-11D3-BF4B-00C04F79EFBC}") = "CustomFont", "CustomFont\CustomFont.csproj", "{4970B880-AB3C-01EE-F915-C770665AABA6}"
EndProject
Global
	GlobalSection(SolutionConfigurationPlatforms) = preSolution
		Debug|Any CPU = Debug|Any CPU
		Debug|x64 = Debug|x64
		Debug|x86 = Debug|x86
		Release|Any CPU = Release|Any CPU
		Release|x64 = Release|x64
		Release|x86 = Release|x86
	EndGlobalSection
	GlobalSection(ProjectConfigurationPlatforms) = postSolution
		{4970B880-AB3C-01EE-F915-C770665AABA6}.Debug|Any CPU.ActiveCfg = Debug|Any CPU
		{4970B880-AB3C-01EE-F915-C770665AABA6}.Debug|Any CPU.Build.0 = Debug|Any CPU
		{4970B880-AB3C-01EE-F915-C770665AABA6}.Debug|x64.ActiveCfg = Debug|Any CPU
		{4970B880-AB3C-01EE-F915-C770665AABA6}.Debug|x64.Build.0 = Debug|Any CPU
		{4970B880-AB3C-01EE-F915-C770665AABA6}.Debug|x86.ActiveCfg = Debug|Any CPU
		{4970B880-AB3C-01EE-F915-C770665AABA6}.Debug|x86.Build.0 = Debug|Any CPU
		{4970B880-AB3C-01EE-F915-C770665AABA6}.Release|Any CPU.ActiveCfg = Release|Any CPU
		{4970B880-AB3C-01EE-F915-C770665AABA6}.Release|Any CPU.Build.0 = Release|Any CPU
		{4970B880-AB3C-01EE-F915-C770665AABA6}.Release|x64.ActiveCfg = Release|Any CPU
		{4970B880-AB3C-01EE-F915-C770665AABA6}.Release|x64.Build.0 = Release|Any CPU
		{4970B880-AB3C-01EE-F915-C770665AABA6}.Release|x86.ActiveCfg = Release|Any CPU
		{4970B880-AB3C-01EE-F915-C770665AABA6}.Release|x86.Build.0 = Release|Any CPU
	EndGlobalSection
	GlobalSection(SolutionProperties) = preSolution
		HideSolutionNode = FALSE
	EndGlobalSection
	GlobalSection(ExtensibilityGlobals) = postSolution
		SolutionGuid = {F75BEB34-4818-46DE-A47F-834FC57BD88B}
	EndGlobalSection
EndGlobal
